
Microsoft Visual Studio Solution File, Format Version 12.00
# Visual Studio Version 17
VisualStudioVersion = 17.11.35208.52
MinimumVisualStudioVersion = 10.0.40219.1
Project("{FAE04EC0-301F-11D3-BF4B-00C04F79EFBC}") = "ConsoleApp6", "ConsoleApp6\ConsoleApp6.csproj", "{8414C437-DC0A-42EC-95E3-AEA10DAD9FE7}"
EndProject
Global
	GlobalSection(SolutionConfigurationPlatforms) = preSolution
		Debug|Any CPU = Debug|Any CPU
		Release|Any CPU = Release|Any CPU
	EndGlobalSection
	GlobalSection(ProjectConfigurationPlatforms) = postSolution
		{8414C437-DC0A-42EC-95E3-AEA10DAD9FE7}.Debug|Any CPU.ActiveCfg = Debug|Any CPU
		{8414C437-DC0A-42EC-95E3-AEA10DAD9FE7}.Debug|Any CPU.Build.0 = Debug|Any CPU
		{8414C437-DC0A-42EC-95E3-AEA10DAD9FE7}.Release|Any CPU.ActiveCfg = Release|Any CPU
		{8414C437-DC0A-42EC-95E3-AEA10DAD9FE7}.Release|Any CPU.Build.0 = Release|Any CPU
	EndGlobalSection
	GlobalSection(SolutionProperties) = preSolution
		HideSolutionNode = FALSE
	EndGlobalSection
	GlobalSection(ExtensibilityGlobals) = postSolution
		SolutionGuid = {297DF729-BB13-4550-ADE4-18BB68468F35}
	EndGlobalSection
EndGlobal
